PODS:
  - AFNetworking (3.1.0):
    - AFNetworking/NSURLSession (= 3.1.0)
    - AFNetworking/Reachability (= 3.1.0)
    - AFNetworking/Security (= 3.1.0)
    - AFNetworking/Serialization (= 3.1.0)
    - AFNetworking/UIKit (= 3.1.0)
  - AFNetworking/NSURLSession (3.1.0):
    - AFNetworking/Reachability
    - AFNetworking/Security
    - AFNetworking/Serialization
  - AFNetworking/Reachability (3.1.0)
  - AFNetworking/Security (3.1.0)
  - AFNetworking/Serialization (3.1.0)
  - AFNetworking/UIKit (3.1.0):
    - AFNetworking/NSURLSession
  - AsyncDisplayKit (1.9.92):
    - AsyncDisplayKit/PINRemoteImage (= 1.9.92)
  - AsyncDisplayKit/ASDealloc2MainObject (1.9.92)
  - AsyncDisplayKit/Core (1.9.92):
    - AsyncDisplayKit/ASDealloc2MainObject
  - AsyncDisplayKit/PINRemoteImage (1.9.92):
    - AsyncDisplayKit/Core
    - PINCache (= 3.0.1-beta)
    - PINRemoteImage/iOS (= 3.0.0-beta.3)
  - InstagramKit (3.8):
    - AFNetworking (~> 3.0)
    - InstagramKit/Exclude-UICKeyChainStore (= 3.8)
  - InstagramKit/Exclude-UICKeyChainStore (3.8):
    - AFNetworking (~> 3.0)
  - Masonry (1.0.0)
  - PINCache (3.0.1-beta)
  - PINRemoteImage/Core (3.0.0-beta.3):
    - PINCache (>= 3.0.0-beta)
  - PINRemoteImage/iOS (3.0.0-beta.3):
    - PINRemoteImage/Core
  - pop (1.0.9)
  - ResponsiveLabel (1.0.11)
  - STTweetLabel (3.1.21)
  - TLYShyNavBar (1.1.1)
  - UICKeyChainStore (2.1.0)
  - YYCache (1.0.3)
  - YYImage (1.0.2):
    - YYImage/Core (= 1.0.2)
  - YYImage/Core (1.0.2)
  - YYWebImage (1.0.3):
    - YYCache
    - YYImage

DEPENDENCIES:
  - AsyncDisplayKit (~> 1.9.8)
  - InstagramKit (~> 3.0)
  - Masonry
  - pop (from `https://github.com/facebook/pop.git`)
  - ResponsiveLabel (~> 1.0.11)
  - STTweetLabel
  - TLYShyNavBar (~> 1.1)
  - UICKeyChainStore
  - YYWebImage

EXTERNAL SOURCES:
  pop:
    :git: https://github.com/facebook/pop.git

CHECKOUT OPTIONS:
  pop:
    :commit: b30efd828111e4dfd1651635c8586f859d1fd3c2
    :git: https://github.com/facebook/pop.git

SPEC CHECKSUMS:
  AFNetworking: 5e0e199f73d8626b11e79750991f5d173d1f8b67
  AsyncDisplayKit: 49d94f5739669d666ff7cdc3430f43f0b2cfbeaf
  InstagramKit: 402d6bba375357b548039de08eea19a1b8716354
  Masonry: b529bb169217897b6354d4b56b1fada6d475b13d
  PINCache: 6911fe422a633e18b3d3ddf2bd4f0e55e36e2892
  PINRemoteImage: 308731aa6534500e58fc211b9cc2bb7252df25ba
  pop: f667631a5108a2e60d9e8797c9b32ddaf2080bce
  ResponsiveLabel: 9e31c425ed082481faf2360689243bb0ec8f8b22
  STTweetLabel: 842bc86cdf13288414440405757478bd4820e1be
  TLYShyNavBar: d200e598923fbc2bd21a5c5efdfabf4898b11da0
  UICKeyChainStore: f1cbd42216a113f0165de1e733e62905b8823432
  YYCache: 282f35b5b0990833d0b7a06d864a87141a021da2
  YYImage: 2cc79ed49b9549b71c6715cefe7b0f5ab3d33abf
  YYWebImage: 8da75a611fd0d2e0f58a273f9ca0bc731614cb0d

PODFILE CHECKSUM: 476276615c5fb8e4df796bfd016aa86f85374c81

COCOAPODS: 1.2.1
